
Microsoft Visual Studio Solution File, Format Version 12.00
# Visual Studio Version 17
VisualStudioVersion = 17.0.31903.59
MinimumVisualStudioVersion = 10.0.40219.1
Project("{FAE04EC0-301F-11D3-BF4B-00C04F79EFBC}") = "TermIDM.Desktop", "TermIDM.Desktop\TermIDM.Desktop.csproj", "{95D53084-6DD6-47D4-BC33-D40C51E5722C}"
EndProject
Project("{FAE04EC0-301F-11D3-BF4B-00C04F79EFBC}") = "LicenseIssuer", "LicenseIssuer\LicenseIssuer.csproj", "{67E356D9-AE2C-4E97-BCC2-933CA4745FB9}"
EndProject
Global
	GlobalSection(SolutionConfigurationPlatforms) = preSolution
		Debug|Any CPU = Debug|Any CPU
		Release|Any CPU = Release|Any CPU
	EndGlobalSection
	GlobalSection(SolutionProperties) = preSolution
		HideSolutionNode = FALSE
	EndGlobalSection
	GlobalSection(ProjectConfigurationPlatforms) = postSolution
		{95D53084-6DD6-47D4-BC33-D40C51E5722C}.Debug|Any CPU.ActiveCfg = Debug|Any CPU
		{95D53084-6DD6-47D4-BC33-D40C51E5722C}.Debug|Any CPU.Build.0 = Debug|Any CPU
		{95D53084-6DD6-47D4-BC33-D40C51E5722C}.Release|Any CPU.ActiveCfg = Release|Any CPU
		{95D53084-6DD6-47D4-BC33-D40C51E5722C}.Release|Any CPU.Build.0 = Release|Any CPU
		{67E356D9-AE2C-4E97-BCC2-933CA4745FB9}.Debug|Any CPU.ActiveCfg = Debug|Any CPU
		{67E356D9-AE2C-4E97-BCC2-933CA4745FB9}.Debug|Any CPU.Build.0 = Debug|Any CPU
		{67E356D9-AE2C-4E97-BCC2-933CA4745FB9}.Release|Any CPU.ActiveCfg = Release|Any CPU
		{67E356D9-AE2C-4E97-BCC2-933CA4745FB9}.Release|Any CPU.Build.0 = Release|Any CPU
	EndGlobalSection
EndGlobal
